
Microsoft Visual Studio Solution File, Format Version 12.00
# Visual Studio Version 17
VisualStudioVersion = 17.5.002.0
MinimumVisualStudioVersion = 10.0.40219.1
Project("{9A19103F-16F7-4668-BE54-9A1E7A4F7556}") = "ТП3", "ТП3.csproj", "{705CEFF2-6A09-4E7A-B2BC-BF571C26A7E5}"
EndProject
Global
	GlobalSection(SolutionConfigurationPlatforms) = preSolution
		Debug|Any CPU = Debug|Any CPU
		Release|Any CPU = Release|Any CPU
	EndGlobalSection
	GlobalSection(ProjectConfigurationPlatforms) = postSolution
		{705CEFF2-6A09-4E7A-B2BC-BF571C26A7E5}.Debug|Any CPU.ActiveCfg = Debug|Any CPU
		{705CEFF2-6A09-4E7A-B2BC-BF571C26A7E5}.Debug|Any CPU.Build.0 = Debug|Any CPU
		{705CEFF2-6A09-4E7A-B2BC-BF571C26A7E5}.Release|Any CPU.ActiveCfg = Release|Any CPU
		{705CEFF2-6A09-4E7A-B2BC-BF571C26A7E5}.Release|Any CPU.Build.0 = Release|Any CPU
	EndGlobalSection
	GlobalSection(SolutionProperties) = preSolution
		HideSolutionNode = FALSE
	EndGlobalSection
	GlobalSection(ExtensibilityGlobals) = postSolution
		SolutionGuid = {FA9C2648-7497-4824-A7D1-A6DC887216CC}
	EndGlobalSection
EndGlobal
